
Microsoft Visual Studio Solution File, Format Version 12.00
# Visual Studio 15
VisualStudioVersion = 15.0.28307.271
MinimumVisualStudioVersion = 10.0.40219.1
Project("{FAE04EC0-301F-11D3-BF4B-00C04F79EFBC}") = "WebApiRestAutorizacao", "WebApiRestAutorizacao\WebApiRestAutorizacao.csproj", "{B9C20E8C-568E-4381-AD0D-37E50A8985A4}"
EndProject
Global
	GlobalSection(SolutionConfigurationPlatforms) = preSolution
		Debug|Any CPU = Debug|Any CPU
		Release|Any CPU = Release|Any CPU
	EndGlobalSection
	GlobalSection(ProjectConfigurationPlatforms) = postSolution
		{B9C20E8C-568E-4381-AD0D-37E50A8985A4}.Debug|Any CPU.ActiveCfg = Debug|Any CPU
		{B9C20E8C-568E-4381-AD0D-37E50A8985A4}.Debug|Any CPU.Build.0 = Debug|Any CPU
		{B9C20E8C-568E-4381-AD0D-37E50A8985A4}.Release|Any CPU.ActiveCfg = Release|Any CPU
		{B9C20E8C-568E-4381-AD0D-37E50A8985A4}.Release|Any CPU.Build.0 = Release|Any CPU
	EndGlobalSection
	GlobalSection(SolutionProperties) = preSolution
		HideSolutionNode = FALSE
	EndGlobalSection
	GlobalSection(ExtensibilityGlobals) = postSolution
		SolutionGuid = {433F6603-C829-4499-9694-DFD1BDF38620}
	EndGlobalSection
EndGlobal
